
Microsoft Visual Studio Solution File, Format Version 12.00
# Visual Studio Version 17
VisualStudioVersion = 17.9.34310.174
MinimumVisualStudioVersion = 10.0.40219.1
Project("{9A19103F-16F7-4668-BE54-9A1E7A4F7556}") = "CityApp", "CityApp.csproj", "{2B2F861A-9388-4E68-8395-40D1678F44A1}"
EndProject
Project("{FAE04EC0-301F-11D3-BF4B-00C04F79EFBC}") = "CityAppTests", "..\CityAppTests\CityAppTests.csproj", "{5CA4C95C-EE90-45B6-B0A7-CF1FC8CEB292}"
EndProject
Global
	GlobalSection(SolutionConfigurationPlatforms) = preSolution
		Debug|Any CPU = Debug|Any CPU
		Release|Any CPU = Release|Any CPU
	EndGlobalSection
	GlobalSection(ProjectConfigurationPlatforms) = postSolution
		{2B2F861A-9388-4E68-8395-40D1678F44A1}.Debug|Any CPU.ActiveCfg = Debug|Any CPU
		{2B2F861A-9388-4E68-8395-40D1678F44A1}.Debug|Any CPU.Build.0 = Debug|Any CPU
		{2B2F861A-9388-4E68-8395-40D1678F44A1}.Release|Any CPU.ActiveCfg = Release|Any CPU
		{2B2F861A-9388-4E68-8395-40D1678F44A1}.Release|Any CPU.Build.0 = Release|Any CPU
		{5CA4C95C-EE90-45B6-B0A7-CF1FC8CEB292}.Debug|Any CPU.ActiveCfg = Debug|Any CPU
		{5CA4C95C-EE90-45B6-B0A7-CF1FC8CEB292}.Debug|Any CPU.Build.0 = Debug|Any CPU
		{5CA4C95C-EE90-45B6-B0A7-CF1FC8CEB292}.Release|Any CPU.ActiveCfg = Release|Any CPU
		{5CA4C95C-EE90-45B6-B0A7-CF1FC8CEB292}.Release|Any CPU.Build.0 = Release|Any CPU
	EndGlobalSection
	GlobalSection(SolutionProperties) = preSolution
		HideSolutionNode = FALSE
	EndGlobalSection
	GlobalSection(ExtensibilityGlobals) = postSolution
		SolutionGuid = {E2FEA007-AC80-440E-A78D-57B1BAF76452}
	EndGlobalSection
EndGlobal
